
Microsoft Visual Studio Solution File, Format Version 12.00
# Visual Studio Version 17
VisualStudioVersion = 17.10.35027.167
MinimumVisualStudioVersion = 10.0.40219.1
Project("{2150E333-8FDC-42A3-9474-1A3956D46DE8}") = "Microservices", "Microservices", "{D07E9EEF-F24C-49DD-B23D-E9B7DFC2C552}"
EndProject
Project("{2150E333-8FDC-42A3-9474-1A3956D46DE8}") = "Domain", "Domain", "{69E2205E-5232-49D6-A8EE-E9C36D315B36}"
EndProject
Project("{2150E333-8FDC-42A3-9474-1A3956D46DE8}") = "Infra.Bus", "Infra.Bus", "{CC4E822F-D94C-4DE0-B72D-05A4D6EA5960}"
EndProject
Project("{2150E333-8FDC-42A3-9474-1A3956D46DE8}") = "Infra.IoC", "Infra.IoC", "{5F569426-FF9E-4956-AFD8-BBA8AA1D9DDE}"
EndProject
Project("{2150E333-8FDC-42A3-9474-1A3956D46DE8}") = "Presentation", "Presentation", "{0DC44F5E-8F71-42E5-9858-57A61A701FDB}"
EndProject
Project("{FAE04EC0-301F-11D3-BF4B-00C04F79EFBC}") = "MicroRabbit.Domain.Core", "MicroRabbit.Domain.Core\MicroRabbit.Domain.Core.csproj", "{291B888F-905C-4B37-B1B4-839E2A3F0B67}"
EndProject
Global
	GlobalSection(SolutionConfigurationPlatforms) = preSolution
		Debug|Any CPU = Debug|Any CPU
		Release|Any CPU = Release|Any CPU
	EndGlobalSection
	GlobalSection(ProjectConfigurationPlatforms) = postSolution
		{291B888F-905C-4B37-B1B4-839E2A3F0B67}.Debug|Any CPU.ActiveCfg = Debug|Any CPU
		{291B888F-905C-4B37-B1B4-839E2A3F0B67}.Debug|Any CPU.Build.0 = Debug|Any CPU
		{291B888F-905C-4B37-B1B4-839E2A3F0B67}.Release|Any CPU.ActiveCfg = Release|Any CPU
		{291B888F-905C-4B37-B1B4-839E2A3F0B67}.Release|Any CPU.Build.0 = Release|Any CPU
	EndGlobalSection
	GlobalSection(SolutionProperties) = preSolution
		HideSolutionNode = FALSE
	EndGlobalSection
	GlobalSection(NestedProjects) = preSolution
		{291B888F-905C-4B37-B1B4-839E2A3F0B67} = {69E2205E-5232-49D6-A8EE-E9C36D315B36}
	EndGlobalSection
	GlobalSection(ExtensibilityGlobals) = postSolution
		SolutionGuid = {0BB5EB25-5380-42C9-BF53-4FB0E5A2DAC3}
	EndGlobalSection
EndGlobal
